// !$*UTF8*$!
{
	archiveVersion = 1;
	classes = {
	};
	objectVersion = 50;
	objects = {

/* Begin PBXBuildFile section */
		140C33F22138D37900DC3535 /* SeeProfileViewModel.swift in Sources */ = {isa = PBXBuildFile; fileRef = 140C33F12138D37900DC3535 /* SeeProfileViewModel.swift */; };
		140C33F42138D69E00DC3535 /* SeeProfileUseCase.swift in Sources */ = {isa = PBXBuildFile; fileRef = 140C33F32138D69E00DC3535 /* SeeProfileUseCase.swift */; };
		140C33F82138E1A400DC3535 /* Conversation.swift in Sources */ = {isa = PBXBuildFile; fileRef = 140C33F72138E1A400DC3535 /* Conversation.swift */; };
		140C33FC2138E52100DC3535 /* SeeChatHistoryUseCase.swift in Sources */ = {isa = PBXBuildFile; fileRef = 140C33FB2138E52100DC3535 /* SeeChatHistoryUseCase.swift */; };
		140C34002138E69200DC3535 /* ConversationRepository.swift in Sources */ = {isa = PBXBuildFile; fileRef = 140C33FF2138E69200DC3535 /* ConversationRepository.swift */; };
		140C34022138E95000DC3535 /* ConversationRepositoryImpl.swift in Sources */ = {isa = PBXBuildFile; fileRef = 140C34012138E95000DC3535 /* ConversationRepositoryImpl.swift */; };
		140C34042138EC0700DC3535 /* SeeChatHistoryViewModel.swift in Sources */ = {isa = PBXBuildFile; fileRef = 140C34032138EC0700DC3535 /* SeeChatHistoryViewModel.swift */; };
		140C34062138F74F00DC3535 /* AutoLoginUseCase.swift in Sources */ = {isa = PBXBuildFile; fileRef = 140C34052138F74F00DC3535 /* AutoLoginUseCase.swift */; };
		140C34082139240600DC3535 /* ChangePassVIewModel.swift in Sources */ = {isa = PBXBuildFile; fileRef = 140C34072139240600DC3535 /* ChangePassVIewModel.swift */; };
		140C340A2139241600DC3535 /* ChangePassRequest.swift in Sources */ = {isa = PBXBuildFile; fileRef = 140C34092139241600DC3535 /* ChangePassRequest.swift */; };
		140C340C2139242000DC3535 /* ChangePassUseCase.swift in Sources */ = {isa = PBXBuildFile; fileRef = 140C340B2139242000DC3535 /* ChangePassUseCase.swift */; };
		140C340F2139243100DC3535 /* ChangePassVC.swift in Sources */ = {isa = PBXBuildFile; fileRef = 140C340D2139243100DC3535 /* ChangePassVC.swift */; };
		140C34102139243100DC3535 /* ChangePassVC.xib in Resources */ = {isa = PBXBuildFile; fileRef = 140C340E2139243100DC3535 /* ChangePassVC.xib */; };
		141823542135025700DC0E98 /* AppDelegate.swift in Sources */ = {isa = PBXBuildFile; fileRef = 141823532135025700DC0E98 /* AppDelegate.swift */; };
		141823562135025700DC0E98 /* ViewController.swift in Sources */ = {isa = PBXBuildFile; fileRef = 141823552135025700DC0E98 /* ViewController.swift */; };
		141823592135025700DC0E98 /* Main.storyboard in Resources */ = {isa = PBXBuildFile; fileRef = 141823572135025700DC0E98 /* Main.storyboard */; };
		1418235B2135025800DC0E98 /* Assets.xcassets in Resources */ = {isa = PBXBuildFile; fileRef = 1418235A2135025800DC0E98 /* Assets.xcassets */; };
		1418235E2135025800DC0E98 /* LaunchScreen.storyboard in Resources */ = {isa = PBXBuildFile; fileRef = 1418235C2135025800DC0E98 /* LaunchScreen.storyboard */; };
		14182371213507E500DC0E98 /* ViewFor.swift in Sources */ = {isa = PBXBuildFile; fileRef = 14182370213507E500DC0E98 /* ViewFor.swift */; };
		141823732135081E00DC0E98 /* ViewModelDelegate.swift in Sources */ = {isa = PBXBuildFile; fileRef = 141823722135081E00DC0E98 /* ViewModelDelegate.swift */; };
		142E515421421C1A00FC0593 /* LoadConvoFromContactIdRequest.swift in Sources */ = {isa = PBXBuildFile; fileRef = 142E515321421C1A00FC0593 /* LoadConvoFromContactIdRequest.swift */; };
		142E515621421C2800FC0593 /* LoadConvoFromConvoIdRequest.swift in Sources */ = {isa = PBXBuildFile; fileRef = 142E515521421C2800FC0593 /* LoadConvoFromConvoIdRequest.swift */; };
		142E515821421CE500FC0593 /* LoadConvoFromContactIdUseCase.swift in Sources */ = {isa = PBXBuildFile; fileRef = 142E515721421CE500FC0593 /* LoadConvoFromContactIdUseCase.swift */; };
		142E515A21421DF600FC0593 /* LoadConvoFromConvoIdUseCase.swift in Sources */ = {isa = PBXBuildFile; fileRef = 142E515921421DF600FC0593 /* LoadConvoFromConvoIdUseCase.swift */; };
		143517A121352D3C0039874F /* BaseVC.swift in Sources */ = {isa = PBXBuildFile; fileRef = 143517A021352D3C0039874F /* BaseVC.swift */; };
		143517A621352F200039874F /* LoginViewModel.swift in Sources */ = {isa = PBXBuildFile; fileRef = 143517A521352F200039874F /* LoginViewModel.swift */; };
		1436689D2148BB7D00B2766E /* GetUserUseCase.swift in Sources */ = {isa = PBXBuildFile; fileRef = 1436689C2148BB7D00B2766E /* GetUserUseCase.swift */; };
		1436689F2148CD4700B2766E /* TextMeMessageCell.swift in Sources */ = {isa = PBXBuildFile; fileRef = 1436689E2148CD4700B2766E /* TextMeMessageCell.swift */; };
		1439D99221365C3D0094C12C /* LoginVC.swift in Sources */ = {isa = PBXBuildFile; fileRef = 1439D99021365C3D0094C12C /* LoginVC.swift */; };
		1439D99321365C3D0094C12C /* LoginVC.xib in Resources */ = {isa = PBXBuildFile; fileRef = 1439D99121365C3D0094C12C /* LoginVC.xib */; };
		1439D995213660270094C12C /* ObservableType.swift in Sources */ = {isa = PBXBuildFile; fileRef = 1439D994213660270094C12C /* ObservableType.swift */; };
		1439D99721367FD30094C12C /* MyErrors.swift in Sources */ = {isa = PBXBuildFile; fileRef = 1439D99621367FD30094C12C /* MyErrors.swift */; };
		1439D99921369D1B0094C12C /* SignupUseCase.swift in Sources */ = {isa = PBXBuildFile; fileRef = 1439D99821369D1B0094C12C /* SignupUseCase.swift */; };
		1439D99B21369D230094C12C /* SignupRequest.swift in Sources */ = {isa = PBXBuildFile; fileRef = 1439D99A21369D230094C12C /* SignupRequest.swift */; };
		1439D99D21369FA30094C12C /* SignupViewModel.swift in Sources */ = {isa = PBXBuildFile; fileRef = 1439D99C21369FA30094C12C /* SignupViewModel.swift */; };
		1439D9A021369FAE0094C12C /* SignupVC.swift in Sources */ = {isa = PBXBuildFile; fileRef = 1439D99E21369FAE0094C12C /* SignupVC.swift */; };
		1439D9A121369FAE0094C12C /* SignupVC.xib in Resources */ = {isa = PBXBuildFile; fileRef = 1439D99F21369FAE0094C12C /* SignupVC.xib */; };
		14461A5121379CC40062FAC6 /* SeeContactVC.xib in Resources */ = {isa = PBXBuildFile; fileRef = 14461A4F21379CC40062FAC6 /* SeeContactVC.xib */; };
		14461A5221379CC40062FAC6 /* SeeContactVC.swift in Sources */ = {isa = PBXBuildFile; fileRef = 14461A5021379CC40062FAC6 /* SeeContactVC.swift */; };
		14461A5421379CDD0062FAC6 /* MainVC.swift in Sources */ = {isa = PBXBuildFile; fileRef = 14461A5321379CDD0062FAC6 /* MainVC.swift */; };
		14461A5721379CEC0062FAC6 /* SeeProfileVC.xib in Resources */ = {isa = PBXBuildFile; fileRef = 14461A5521379CEB0062FAC6 /* SeeProfileVC.xib */; };
		14461A5821379CEC0062FAC6 /* SeeProfileVC.swift in Sources */ = {isa = PBXBuildFile; fileRef = 14461A5621379CEC0062FAC6 /* SeeProfileVC.swift */; };
		14461A5B21379DFF0062FAC6 /* SeeConversationVC.swift in Sources */ = {isa = PBXBuildFile; fileRef = 14461A5921379DFF0062FAC6 /* SeeConversationVC.swift */; };
		14461A5C21379DFF0062FAC6 /* SeeConversationVC.xib in Resources */ = {isa = PBXBuildFile; fileRef = 14461A5A21379DFF0062FAC6 /* SeeConversationVC.xib */; };
		14461A5E21379E620062FAC6 /* SeeContactViewModel.swift in Sources */ = {isa = PBXBuildFile; fileRef = 14461A5D21379E620062FAC6 /* SeeContactViewModel.swift */; };
		14461A642137A1650062FAC6 /* SeeContactUseCase.swift in Sources */ = {isa = PBXBuildFile; fileRef = 14461A632137A1650062FAC6 /* SeeContactUseCase.swift */; };
		14461A662137A3C60062FAC6 /* Contact.swift in Sources */ = {isa = PBXBuildFile; fileRef = 14461A652137A3C60062FAC6 /* Contact.swift */; };
		14461A682137A65D0062FAC6 /* ContactRepository.swift in Sources */ = {isa = PBXBuildFile; fileRef = 14461A672137A65D0062FAC6 /* ContactRepository.swift */; };
		14461A6A2137A6DE0062FAC6 /* ContactRepositoryImpl.swift in Sources */ = {isa = PBXBuildFile; fileRef = 14461A692137A6DE0062FAC6 /* ContactRepositoryImpl.swift */; };
		14461A722137AD5B0062FAC6 /* ErrorTracker.swift in Sources */ = {isa = PBXBuildFile; fileRef = 14461A712137AD5B0062FAC6 /* ErrorTracker.swift */; };
		14461A742137E8CC0062FAC6 /* ContactRemoteSource.swift in Sources */ = {isa = PBXBuildFile; fileRef = 14461A732137E8CC0062FAC6 /* ContactRemoteSource.swift */; };
		14461A762137E8D80062FAC6 /* ContactLocalSource.swift in Sources */ = {isa = PBXBuildFile; fileRef = 14461A752137E8D80062FAC6 /* ContactLocalSource.swift */; };
		14461A792137EA970062FAC6 /* ContactLocalSourceImpl.swift in Sources */ = {isa = PBXBuildFile; fileRef = 14461A782137EA970062FAC6 /* ContactLocalSourceImpl.swift */; };
		1447A96E2146764C00F7E1CF /* SendMessageUseCase.swift in Sources */ = {isa = PBXBuildFile; fileRef = 1447A96D2146764C00F7E1CF /* SendMessageUseCase.swift */; };
		1447A9702146765600F7E1CF /* SendMessageRequest.swift in Sources */ = {isa = PBXBuildFile; fileRef = 1447A96F2146765600F7E1CF /* SendMessageRequest.swift */; };
		1451585721350BB70038CE74 /* UseCase.swift in Sources */ = {isa = PBXBuildFile; fileRef = 1451585621350BB70038CE74 /* UseCase.swift */; };
		1458BC222147596E005A93AD /* SendMessageToUserRequest.swift in Sources */ = {isa = PBXBuildFile; fileRef = 1458BC212147596E005A93AD /* SendMessageToUserRequest.swift */; };
		1458BC242147597F005A93AD /* SendMessageToUserUseCase.swift in Sources */ = {isa = PBXBuildFile; fileRef = 1458BC232147597F005A93AD /* SendMessageToUserUseCase.swift */; };
		1458BC2621475FB9005A93AD /* GetConversationLabelUseCase.swift in Sources */ = {isa = PBXBuildFile; fileRef = 1458BC2521475FB9005A93AD /* GetConversationLabelUseCase.swift */; };
		1458BC2821475FC9005A93AD /* GetContactNicknameUseCase.swift in Sources */ = {isa = PBXBuildFile; fileRef = 1458BC2721475FC9005A93AD /* GetContactNicknameUseCase.swift */; };
		1458BC2A21476249005A93AD /* GetContactNicknameRequest.swift in Sources */ = {isa = PBXBuildFile; fileRef = 1458BC2921476249005A93AD /* GetContactNicknameRequest.swift */; };
		1458BC2C21476257005A93AD /* GetConversationLabelRequest.swift in Sources */ = {isa = PBXBuildFile; fileRef = 1458BC2B21476257005A93AD /* GetConversationLabelRequest.swift */; };
		1458BC2E2147A611005A93AD /* TextMessageCell.swift in Sources */ = {isa = PBXBuildFile; fileRef = 1458BC2D2147A611005A93AD /* TextMessageCell.swift */; };
		146153FC213F68450032EE95 /* AddContactViewModel.swift in Sources */ = {isa = PBXBuildFile; fileRef = 146153FB213F68450032EE95 /* AddContactViewModel.swift */; };
		146153FE213F68570032EE95 /* AddContactUseCase.swift in Sources */ = {isa = PBXBuildFile; fileRef = 146153FD213F68570032EE95 /* AddContactUseCase.swift */; };
		14615400213F68650032EE95 /* SearchContactUseCase.swift in Sources */ = {isa = PBXBuildFile; fileRef = 146153FF213F68650032EE95 /* SearchContactUseCase.swift */; };
		14615402213F686F0032EE95 /* AddContactRequest.swift in Sources */ = {isa = PBXBuildFile; fileRef = 14615401213F686F0032EE95 /* AddContactRequest.swift */; };
		14615404213F68770032EE95 /* SearchContactRequest.swift in Sources */ = {isa = PBXBuildFile; fileRef = 14615403213F68770032EE95 /* SearchContactRequest.swift */; };
		14615407213F68910032EE95 /* AddContactVC.swift in Sources */ = {isa = PBXBuildFile; fileRef = 14615405213F68910032EE95 /* AddContactVC.swift */; };
		14615408213F68910032EE95 /* AddContactVC.xib in Resources */ = {isa = PBXBuildFile; fileRef = 14615406213F68910032EE95 /* AddContactVC.xib */; };
		1461540A213F7C800032EE95 /* ContactRequest.swift in Sources */ = {isa = PBXBuildFile; fileRef = 14615409213F7C800032EE95 /* ContactRequest.swift */; };
		1461540D213F8AA20032EE95 /* AcceptedContactCell.swift in Sources */ = {isa = PBXBuildFile; fileRef = 1461540B213F8AA20032EE95 /* AcceptedContactCell.swift */; };
		1461540E213F8AA30032EE95 /* AcceptedContactCell.xib in Resources */ = {isa = PBXBuildFile; fileRef = 1461540C213F8AA20032EE95 /* AcceptedContactCell.xib */; };
		14615411213F8ABA0032EE95 /* RequestedContactCell.swift in Sources */ = {isa = PBXBuildFile; fileRef = 1461540F213F8ABA0032EE95 /* RequestedContactCell.swift */; };
		14615412213F8ABA0032EE95 /* RequestedContactCell.xib in Resources */ = {isa = PBXBuildFile; fileRef = 14615410213F8ABA0032EE95 /* RequestedContactCell.xib */; };
		14615415213F8AC60032EE95 /* RequestingContactCell.swift in Sources */ = {isa = PBXBuildFile; fileRef = 14615413213F8AC60032EE95 /* RequestingContactCell.swift */; };
		14615416213F8AC60032EE95 /* RequestingContactCell.xib in Resources */ = {isa = PBXBuildFile; fileRef = 14615414213F8AC60032EE95 /* RequestingContactCell.xib */; };
		14615419213F8AD00032EE95 /* StrangerContactCell.swift in Sources */ = {isa = PBXBuildFile; fileRef = 14615417213F8AD00032EE95 /* StrangerContactCell.swift */; };
		1461541A213F8AD00032EE95 /* StrangerContactCell.xib in Resources */ = {isa = PBXBuildFile; fileRef = 14615418213F8AD00032EE95 /* StrangerContactCell.xib */; };
		147945C9213E31010055CE79 /* ContactItem.swift in Sources */ = {isa = PBXBuildFile; fileRef = 147945C8213E31010055CE79 /* ContactItem.swift */; };
		147945CC213E31830055CE79 /* ContactCell.swift in Sources */ = {isa = PBXBuildFile; fileRef = 147945CA213E31830055CE79 /* ContactCell.swift */; };
		147945CD213E31830055CE79 /* ContactCell.xib in Resources */ = {isa = PBXBuildFile; fileRef = 147945CB213E31830055CE79 /* ContactCell.xib */; };
		147945CF213E73570055CE79 /* SeeConversationViewModel.swift in Sources */ = {isa = PBXBuildFile; fileRef = 147945CE213E73570055CE79 /* SeeConversationViewModel.swift */; };
		147945D1213E78CD0055CE79 /* Utils.swift in Sources */ = {isa = PBXBuildFile; fileRef = 147945D0213E78CD0055CE79 /* Utils.swift */; };
		147945D3213E7FB70055CE79 /* UserLocalSource.swift in Sources */ = {isa = PBXBuildFile; fileRef = 147945D2213E7FB70055CE79 /* UserLocalSource.swift */; };
		147945D5213E80050055CE79 /* UserRemoteSource.swift in Sources */ = {isa = PBXBuildFile; fileRef = 147945D4213E80050055CE79 /* UserRemoteSource.swift */; };
		147945D7213E80340055CE79 /* UserFirebaseSource.swift in Sources */ = {isa = PBXBuildFile; fileRef = 147945D6213E80340055CE79 /* UserFirebaseSource.swift */; };
		147945D9213E80590055CE79 /* UserLocalSourceImpl.swift in Sources */ = {isa = PBXBuildFile; fileRef = 147945D8213E80590055CE79 /* UserLocalSourceImpl.swift */; };
		147945DB213E85860055CE79 /* GoogleService-Info.plist in Resources */ = {isa = PBXBuildFile; fileRef = 147945DA213E85850055CE79 /* GoogleService-Info.plist */; };
		14843FE5214116AC00D5366B /* Message.swift in Sources */ = {isa = PBXBuildFile; fileRef = 14843FE4214116AC00D5366B /* Message.swift */; };
		14843FEC214122B900D5366B /* SeeChatHistoryVC.swift in Sources */ = {isa = PBXBuildFile; fileRef = 14843FEA214122B900D5366B /* SeeChatHistoryVC.swift */; };
		14843FED214122B900D5366B /* SeeChatHistoryVC.xib in Resources */ = {isa = PBXBuildFile; fileRef = 14843FEB214122B900D5366B /* SeeChatHistoryVC.xib */; };
		14843FEF214136B500D5366B /* ConversationItem.swift in Sources */ = {isa = PBXBuildFile; fileRef = 14843FEE214136B500D5366B /* ConversationItem.swift */; };
		14843FF221413B7800D5366B /* SingleConvoCell.swift in Sources */ = {isa = PBXBuildFile; fileRef = 14843FF021413B7800D5366B /* SingleConvoCell.swift */; };
		14843FF321413B7800D5366B /* SingleConvoCell.xib in Resources */ = {isa = PBXBuildFile; fileRef = 14843FF121413B7800D5366B /* SingleConvoCell.xib */; };
		14843FF621413B9E00D5366B /* GroupConvoCell.swift in Sources */ = {isa = PBXBuildFile; fileRef = 14843FF421413B9E00D5366B /* GroupConvoCell.swift */; };
		14843FF721413B9E00D5366B /* GroupConvoCell.xib in Resources */ = {isa = PBXBuildFile; fileRef = 14843FF521413B9E00D5366B /* GroupConvoCell.xib */; };
		14848ACB2140C7FC00DAA9F8 /* AcceptRequestUseCase.swift in Sources */ = {isa = PBXBuildFile; fileRef = 14848ACA2140C7FC00DAA9F8 /* AcceptRequestUseCase.swift */; };
		14848ACD2140C80F00DAA9F8 /* CancelRequestUseCase.swift in Sources */ = {isa = PBXBuildFile; fileRef = 14848ACC2140C80F00DAA9F8 /* CancelRequestUseCase.swift */; };
		14848ACF2140C83600DAA9F8 /* SendRequestUseCase.swift in Sources */ = {isa = PBXBuildFile; fileRef = 14848ACE2140C83600DAA9F8 /* SendRequestUseCase.swift */; };
		14848AD12140C84500DAA9F8 /* UnfriendUseCase.swift in Sources */ = {isa = PBXBuildFile; fileRef = 14848AD02140C84500DAA9F8 /* UnfriendUseCase.swift */; };
		14848AD32140C88100DAA9F8 /* AcceptFriendRequest.swift in Sources */ = {isa = PBXBuildFile; fileRef = 14848AD22140C88100DAA9F8 /* AcceptFriendRequest.swift */; };
		14848AD52140C88A00DAA9F8 /* CancelFriendRequest.swift in Sources */ = {isa = PBXBuildFile; fileRef = 14848AD42140C88A00DAA9F8 /* CancelFriendRequest.swift */; };
		14848AD72140C89500DAA9F8 /* AddFriendRequest.swift in Sources */ = {isa = PBXBuildFile; fileRef = 14848AD62140C89500DAA9F8 /* AddFriendRequest.swift */; };
		14848AD92140C89D00DAA9F8 /* UnfriendRequest.swift in Sources */ = {isa = PBXBuildFile; fileRef = 14848AD82140C89D00DAA9F8 /* UnfriendRequest.swift */; };
		14848ADB214113C300DAA9F8 /* ConversationLocalSource.swift in Sources */ = {isa = PBXBuildFile; fileRef = 14848ADA214113C300DAA9F8 /* ConversationLocalSource.swift */; };
		14848ADD2141140E00DAA9F8 /* ConversationRemoteSource.swift in Sources */ = {isa = PBXBuildFile; fileRef = 14848ADC2141140E00DAA9F8 /* ConversationRemoteSource.swift */; };
		14848ADF2141149D00DAA9F8 /* ConversationFirebaseSource.swift in Sources */ = {isa = PBXBuildFile; fileRef = 14848ADE2141149D00DAA9F8 /* ConversationFirebaseSource.swift */; };
		149CC71E213FAA6900B376E9 /* ContactFirebaseSource.swift in Sources */ = {isa = PBXBuildFile; fileRef = 149CC71D213FAA6900B376E9 /* ContactFirebaseSource.swift */; };
		14A239CF214B4EA00027743D /* UploadAvatarUseCase.swift in Sources */ = {isa = PBXBuildFile; fileRef = 14A239CE214B4EA00027743D /* UploadAvatarUseCase.swift */; };
		14A239D1214B4EBF0027743D /* UploadAvatarRequest.swift in Sources */ = {isa = PBXBuildFile; fileRef = 14A239D0214B4EBF0027743D /* UploadAvatarRequest.swift */; };
		14CEE96E2136332F00A31FBB /* RxBinding.swift in Sources */ = {isa = PBXBuildFile; fileRef = 14CEE96D2136332F00A31FBB /* RxBinding.swift */; };
		14CEE97221363C2200A31FBB /* User.swift in Sources */ = {isa = PBXBuildFile; fileRef = 14CEE97121363C2200A31FBB /* User.swift */; };
		14CEE9792136561E00A31FBB /* LoginUseCase.swift in Sources */ = {isa = PBXBuildFile; fileRef = 14CEE9782136561E00A31FBB /* LoginUseCase.swift */; };
		14CEE97B2136562500A31FBB /* LoginRequest.swift in Sources */ = {isa = PBXBuildFile; fileRef = 14CEE97A2136562500A31FBB /* LoginRequest.swift */; };
		14CEE9802136584000A31FBB /* UserRepository.swift in Sources */ = {isa = PBXBuildFile; fileRef = 14CEE97F2136584000A31FBB /* UserRepository.swift */; };
		14CEE9822136584900A31FBB /* UserRepositoryImpl.swift in Sources */ = {isa = PBXBuildFile; fileRef = 14CEE9812136584900A31FBB /* UserRepositoryImpl.swift */; };
		5859E7E5EBD1974D0D960EA4 /* Pods_Messaging.framework in Frameworks */ = {isa = PBXBuildFile; fileRef = 688BB3FD82712A498F73AC1E /* Pods_Messaging.framework */; };
/* End PBXBuildFile section */

/* Begin PBXFileReference section */
		140C33F12138D37900DC3535 /* SeeProfileViewModel.swift */ = {isa = PBXFileReference; lastKnownFileType = sourcecode.swift; path = SeeProfileViewModel.swift; sourceTree = "<group>"; };
		140C33F32138D69E00DC3535 /* SeeProfileUseCase.swift */ = {isa = PBXFileReference; lastKnownFileType = sourcecode.swift; path = SeeProfileUseCase.swift; sourceTree = "<group>"; };
		140C33F72138E1A400DC3535 /* Conversation.swift */ = {isa = PBXFileReference; lastKnownFileType = sourcecode.swift; path = Conversation.swift; sourceTree = "<group>"; };
		140C33FB2138E52100DC3535 /* SeeChatHistoryUseCase.swift */ = {isa = PBXFileReference; lastKnownFileType = sourcecode.swift; name = SeeChatHistoryUseCase.swift; path = Messaging/ChatHistory/SeeChatHistoryUseCase.swift; sourceTree = SOURCE_ROOT; };
		140C33FF2138E69200DC3535 /* ConversationRepository.swift */ = {isa = PBXFileReference; lastKnownFileType = sourcecode.swift; path = ConversationRepository.swift; sourceTree = "<group>"; };
		140C34012138E95000DC3535 /* ConversationRepositoryImpl.swift */ = {isa = PBXFileReference; lastKnownFileType = sourcecode.swift; path = ConversationRepositoryImpl.swift; sourceTree = "<group>"; };
		140C34032138EC0700DC3535 /* SeeChatHistoryViewModel.swift */ = {isa = PBXFileReference; lastKnownFileType = sourcecode.swift; path = SeeChatHistoryViewModel.swift; sourceTree = "<group>"; };
		140C34052138F74F00DC3535 /* AutoLoginUseCase.swift */ = {isa = PBXFileReference; lastKnownFileType = sourcecode.swift; path = AutoLoginUseCase.swift; sourceTree = "<group>"; };
		140C34072139240600DC3535 /* ChangePassVIewModel.swift */ = {isa = PBXFileReference; lastKnownFileType = sourcecode.swift; name = ChangePassVIewModel.swift; path = Messaging/Login/ChangePassVIewModel.swift; sourceTree = SOURCE_ROOT; };
		140C34092139241600DC3535 /* ChangePassRequest.swift */ = {isa = PBXFileReference; lastKnownFileType = sourcecode.swift; name = ChangePassRequest.swift; path = Messaging/Login/ChangePassRequest.swift; sourceTree = SOURCE_ROOT; };
		140C340B2139242000DC3535 /* ChangePassUseCase.swift */ = {isa = PBXFileReference; lastKnownFileType = sourcecode.swift; name = ChangePassUseCase.swift; path = Messaging/Login/ChangePassUseCase.swift; sourceTree = SOURCE_ROOT; };
		140C340D2139243100DC3535 /* ChangePassVC.swift */ = {isa = PBXFileReference; lastKnownFileType = sourcecode.swift; name = ChangePassVC.swift; path = Messaging/Login/ChangePassVC.swift; sourceTree = SOURCE_ROOT; };
		140C340E2139243100DC3535 /* ChangePassVC.xib */ = {isa = PBXFileReference; lastKnownFileType = file.xib; name = ChangePassVC.xib; path = Messaging/Login/ChangePassVC.xib; sourceTree = SOURCE_ROOT; };
		141823502135025700DC0E98 /* Messaging.app */ = {isa = PBXFileReference; explicitFileType = wrapper.application; includeInIndex = 0; path = Messaging.app; sourceTree = BUILT_PRODUCTS_DIR; };
		141823532135025700DC0E98 /* AppDelegate.swift */ = {isa = PBXFileReference; lastKnownFileType = sourcecode.swift; path = AppDelegate.swift; sourceTree = "<group>"; };
		141823552135025700DC0E98 /* ViewController.swift */ = {isa = PBXFileReference; lastKnownFileType = sourcecode.swift; path = ViewController.swift; sourceTree = "<group>"; };
		141823582135025700DC0E98 /* Base */ = {isa = PBXFileReference; lastKnownFileType = file.storyboard; name = Base; path = Base.lproj/Main.storyboard; sourceTree = "<group>"; };
		1418235A2135025800DC0E98 /* Assets.xcassets */ = {isa = PBXFileReference; lastKnownFileType = folder.assetcatalog; path = Assets.xcassets; sourceTree = "<group>"; };
		1418235D2135025800DC0E98 /* Base */ = {isa = PBXFileReference; lastKnownFileType = file.storyboard; name = Base; path = Base.lproj/LaunchScreen.storyboard; sourceTree = "<group>"; };
		1418235F2135025800DC0E98 /* Info.plist */ = {isa = PBXFileReference; lastKnownFileType = text.plist.xml; path = Info.plist; sourceTree = "<group>"; };
		14182370213507E500DC0E98 /* ViewFor.swift */ = {isa = PBXFileReference; lastKnownFileType = sourcecode.swift; path = ViewFor.swift; sourceTree = "<group>"; };
		141823722135081E00DC0E98 /* ViewModelDelegate.swift */ = {isa = PBXFileReference; lastKnownFileType = sourcecode.swift; path = ViewModelDelegate.swift; sourceTree = "<group>"; };
		142E515321421C1A00FC0593 /* LoadConvoFromContactIdRequest.swift */ = {isa = PBXFileReference; lastKnownFileType = sourcecode.swift; path = LoadConvoFromContactIdRequest.swift; sourceTree = "<group>"; };
		142E515521421C2800FC0593 /* LoadConvoFromConvoIdRequest.swift */ = {isa = PBXFileReference; lastKnownFileType = sourcecode.swift; path = LoadConvoFromConvoIdRequest.swift; sourceTree = "<group>"; };
		142E515721421CE500FC0593 /* LoadConvoFromContactIdUseCase.swift */ = {isa = PBXFileReference; lastKnownFileType = sourcecode.swift; path = LoadConvoFromContactIdUseCase.swift; sourceTree = "<group>"; };
		142E515921421DF600FC0593 /* LoadConvoFromConvoIdUseCase.swift */ = {isa = PBXFileReference; lastKnownFileType = sourcecode.swift; path = LoadConvoFromConvoIdUseCase.swift; sourceTree = "<group>"; };
		143517A021352D3C0039874F /* BaseVC.swift */ = {isa = PBXFileReference; lastKnownFileType = sourcecode.swift; path = BaseVC.swift; sourceTree = "<group>"; };
		143517A521352F200039874F /* LoginViewModel.swift */ = {isa = PBXFileReference; lastKnownFileType = sourcecode.swift; path = LoginViewModel.swift; sourceTree = "<group>"; };
		1436689C2148BB7D00B2766E /* GetUserUseCase.swift */ = {isa = PBXFileReference; lastKnownFileType = sourcecode.swift; path = GetUserUseCase.swift; sourceTree = "<group>"; };
		1436689E2148CD4700B2766E /* TextMeMessageCell.swift */ = {isa = PBXFileReference; lastKnownFileType = sourcecode.swift; path = TextMeMessageCell.swift; sourceTree = "<group>"; };
		1439D99021365C3D0094C12C /* LoginVC.swift */ = {isa = PBXFileReference; lastKnownFileType = sourcecode.swift; path = LoginVC.swift; sourceTree = "<group>"; };
		1439D99121365C3D0094C12C /* LoginVC.xib */ = {isa = PBXFileReference; lastKnownFileType = file.xib; path = LoginVC.xib; sourceTree = "<group>"; };
		1439D994213660270094C12C /* ObservableType.swift */ = {isa = PBXFileReference; fileEncoding = 4; lastKnownFileType = sourcecode.swift; name = ObservableType.swift; path = Messaging/Common/Utils/ObservableType.swift; sourceTree = SOURCE_ROOT; };
		1439D99621367FD30094C12C /* MyErrors.swift */ = {isa = PBXFileReference; lastKnownFileType = sourcecode.swift; path = MyErrors.swift; sourceTree = "<group>"; };
		1439D99821369D1B0094C12C /* SignupUseCase.swift */ = {isa = PBXFileReference; lastKnownFileType = sourcecode.swift; path = SignupUseCase.swift; sourceTree = "<group>"; };
		1439D99A21369D230094C12C /* SignupRequest.swift */ = {isa = PBXFileReference; lastKnownFileType = sourcecode.swift; path = SignupRequest.swift; sourceTree = "<group>"; };
		1439D99C21369FA30094C12C /* SignupViewModel.swift */ = {isa = PBXFileReference; lastKnownFileType = sourcecode.swift; path = SignupViewModel.swift; sourceTree = "<group>"; };
		1439D99E21369FAE0094C12C /* SignupVC.swift */ = {isa = PBXFileReference; lastKnownFileType = sourcecode.swift; path = SignupVC.swift; sourceTree = "<group>"; };
		1439D99F21369FAE0094C12C /* SignupVC.xib */ = {isa = PBXFileReference; lastKnownFileType = file.xib; path = SignupVC.xib; sourceTree = "<group>"; };
		14461A4F21379CC40062FAC6 /* SeeContactVC.xib */ = {isa = PBXFileReference; fileEncoding = 4; lastKnownFileType = file.xib; path = SeeContactVC.xib; sourceTree = "<group>"; };
		14461A5021379CC40062FAC6 /* SeeContactVC.swift */ = {isa = PBXFileReference; fileEncoding = 4; lastKnownFileType = sourcecode.swift; path = SeeContactVC.swift; sourceTree = "<group>"; };
		14461A5321379CDD0062FAC6 /* MainVC.swift */ = {isa = PBXFileReference; fileEncoding = 4; lastKnownFileType = sourcecode.swift; path = MainVC.swift; sourceTree = "<group>"; };
		14461A5521379CEB0062FAC6 /* SeeProfileVC.xib */ = {isa = PBXFileReference; fileEncoding = 4; lastKnownFileType = file.xib; path = SeeProfileVC.xib; sourceTree = "<group>"; };
		14461A5621379CEC0062FAC6 /* SeeProfileVC.swift */ = {isa = PBXFileReference; fileEncoding = 4; lastKnownFileType = sourcecode.swift; path = SeeProfileVC.swift; sourceTree = "<group>"; };
		14461A5921379DFF0062FAC6 /* SeeConversationVC.swift */ = {isa = PBXFileReference; lastKnownFileType = sourcecode.swift; name = SeeConversationVC.swift; path = Messaging/Profile/SeeConversationVC.swift; sourceTree = SOURCE_ROOT; };
		14461A5A21379DFF0062FAC6 /* SeeConversationVC.xib */ = {isa = PBXFileReference; lastKnownFileType = file.xib; name = SeeConversationVC.xib; path = Messaging/Profile/SeeConversationVC.xib; sourceTree = SOURCE_ROOT; };
		14461A5D21379E620062FAC6 /* SeeContactViewModel.swift */ = {isa = PBXFileReference; lastKnownFileType = sourcecode.swift; path = SeeContactViewModel.swift; sourceTree = "<group>"; };
		14461A632137A1650062FAC6 /* SeeContactUseCase.swift */ = {isa = PBXFileReference; lastKnownFileType = sourcecode.swift; path = SeeContactUseCase.swift; sourceTree = "<group>"; };
		14461A652137A3C60062FAC6 /* Contact.swift */ = {isa = PBXFileReference; lastKnownFileType = sourcecode.swift; path = Contact.swift; sourceTree = "<group>"; };
		14461A672137A65D0062FAC6 /* ContactRepository.swift */ = {isa = PBXFileReference; lastKnownFileType = sourcecode.swift; path = ContactRepository.swift; sourceTree = "<group>"; };
		14461A692137A6DE0062FAC6 /* ContactRepositoryImpl.swift */ = {isa = PBXFileReference; lastKnownFileType = sourcecode.swift; path = ContactRepositoryImpl.swift; sourceTree = "<group>"; };
		14461A712137AD5B0062FAC6 /* ErrorTracker.swift */ = {isa = PBXFileReference; lastKnownFileType = sourcecode.swift; path = ErrorTracker.swift; sourceTree = "<group>"; };
		14461A732137E8CC0062FAC6 /* ContactRemoteSource.swift */ = {isa = PBXFileReference; lastKnownFileType = sourcecode.swift; name = ContactRemoteSource.swift; path = Messaging/Common/Utils/ContactRemoteSource.swift; sourceTree = SOURCE_ROOT; };
		14461A752137E8D80062FAC6 /* ContactLocalSource.swift */ = {isa = PBXFileReference; lastKnownFileType = sourcecode.swift; name = ContactLocalSource.swift; path = Messaging/Common/Utils/ContactLocalSource.swift; sourceTree = SOURCE_ROOT; };
		14461A782137EA970062FAC6 /* ContactLocalSourceImpl.swift */ = {isa = PBXFileReference; lastKnownFileType = sourcecode.swift; path = ContactLocalSourceImpl.swift; sourceTree = "<group>"; };
		1447A96D2146764C00F7E1CF /* SendMessageUseCase.swift */ = {isa = PBXFileReference; lastKnownFileType = sourcecode.swift; path = SendMessageUseCase.swift; sourceTree = "<group>"; };
		1447A96F2146765600F7E1CF /* SendMessageRequest.swift */ = {isa = PBXFileReference; lastKnownFileType = sourcecode.swift; path = SendMessageRequest.swift; sourceTree = "<group>"; };
		1451585621350BB70038CE74 /* UseCase.swift */ = {isa = PBXFileReference; lastKnownFileType = sourcecode.swift; path = UseCase.swift; sourceTree = "<group>"; };
		1458BC212147596E005A93AD /* SendMessageToUserRequest.swift */ = {isa = PBXFileReference; lastKnownFileType = sourcecode.swift; path = SendMessageToUserRequest.swift; sourceTree = "<group>"; };
		1458BC232147597F005A93AD /* SendMessageToUserUseCase.swift */ = {isa = PBXFileReference; lastKnownFileType = sourcecode.swift; path = SendMessageToUserUseCase.swift; sourceTree = "<group>"; };
		1458BC2521475FB9005A93AD /* GetConversationLabelUseCase.swift */ = {isa = PBXFileReference; lastKnownFileType = sourcecode.swift; path = GetConversationLabelUseCase.swift; sourceTree = "<group>"; };
		1458BC2721475FC9005A93AD /* GetContactNicknameUseCase.swift */ = {isa = PBXFileReference; lastKnownFileType = sourcecode.swift; path = GetContactNicknameUseCase.swift; sourceTree = "<group>"; };
		1458BC2921476249005A93AD /* GetContactNicknameRequest.swift */ = {isa = PBXFileReference; lastKnownFileType = sourcecode.swift; path = GetContactNicknameRequest.swift; sourceTree = "<group>"; };
		1458BC2B21476257005A93AD /* GetConversationLabelRequest.swift */ = {isa = PBXFileReference; lastKnownFileType = sourcecode.swift; path = GetConversationLabelRequest.swift; sourceTree = "<group>"; };
		1458BC2D2147A611005A93AD /* TextMessageCell.swift */ = {isa = PBXFileReference; lastKnownFileType = sourcecode.swift; path = TextMessageCell.swift; sourceTree = "<group>"; };
		146153FB213F68450032EE95 /* AddContactViewModel.swift */ = {isa = PBXFileReference; lastKnownFileType = sourcecode.swift; path = AddContactViewModel.swift; sourceTree = "<group>"; };
		146153FD213F68570032EE95 /* AddContactUseCase.swift */ = {isa = PBXFileReference; lastKnownFileType = sourcecode.swift; path = AddContactUseCase.swift; sourceTree = "<group>"; };
		146153FF213F68650032EE95 /* SearchContactUseCase.swift */ = {isa = PBXFileReference; lastKnownFileType = sourcecode.swift; path = SearchContactUseCase.swift; sourceTree = "<group>"; };
		14615401213F686F0032EE95 /* AddContactRequest.swift */ = {isa = PBXFileReference; lastKnownFileType = sourcecode.swift; path = AddContactRequest.swift; sourceTree = "<group>"; };
		14615403213F68770032EE95 /* SearchContactRequest.swift */ = {isa = PBXFileReference; lastKnownFileType = sourcecode.swift; path = SearchContactRequest.swift; sourceTree = "<group>"; };
		14615405213F68910032EE95 /* AddContactVC.swift */ = {isa = PBXFileReference; lastKnownFileType = sourcecode.swift; path = AddContactVC.swift; sourceTree = "<group>"; };
		14615406213F68910032EE95 /* AddContactVC.xib */ = {isa = PBXFileReference; lastKnownFileType = file.xib; path = AddContactVC.xib; sourceTree = "<group>"; };
		14615409213F7C800032EE95 /* ContactRequest.swift */ = {isa = PBXFileReference; lastKnownFileType = sourcecode.swift; path = ContactRequest.swift; sourceTree = "<group>"; };
		1461540B213F8AA20032EE95 /* AcceptedContactCell.swift */ = {isa = PBXFileReference; lastKnownFileType = sourcecode.swift; path = AcceptedContactCell.swift; sourceTree = "<group>"; };
		1461540C213F8AA20032EE95 /* AcceptedContactCell.xib */ = {isa = PBXFileReference; lastKnownFileType = file.xib; path = AcceptedContactCell.xib; sourceTree = "<group>"; };
		1461540F213F8ABA0032EE95 /* RequestedContactCell.swift */ = {isa = PBXFileReference; lastKnownFileType = sourcecode.swift; path = RequestedContactCell.swift; sourceTree = "<group>"; };
		14615410213F8ABA0032EE95 /* RequestedContactCell.xib */ = {isa = PBXFileReference; lastKnownFileType = file.xib; path = RequestedContactCell.xib; sourceTree = "<group>"; };
		14615413213F8AC60032EE95 /* RequestingContactCell.swift */ = {isa = PBXFileReference; lastKnownFileType = sourcecode.swift; path = RequestingContactCell.swift; sourceTree = "<group>"; };
		14615414213F8AC60032EE95 /* RequestingContactCell.xib */ = {isa = PBXFileReference; lastKnownFileType = file.xib; path = RequestingContactCell.xib; sourceTree = "<group>"; };
		14615417213F8AD00032EE95 /* StrangerContactCell.swift */ = {isa = PBXFileReference; lastKnownFileType = sourcecode.swift; path = StrangerContactCell.swift; sourceTree = "<group>"; };
		14615418213F8AD00032EE95 /* StrangerContactCell.xib */ = {isa = PBXFileReference; lastKnownFileType = file.xib; path = StrangerContactCell.xib; sourceTree = "<group>"; };
		147945C8213E31010055CE79 /* ContactItem.swift */ = {isa = PBXFileReference; lastKnownFileType = sourcecode.swift; path = ContactItem.swift; sourceTree = "<group>"; };
		147945CA213E31830055CE79 /* ContactCell.swift */ = {isa = PBXFileReference; lastKnownFileType = sourcecode.swift; path = ContactCell.swift; sourceTree = "<group>"; };
		147945CB213E31830055CE79 /* ContactCell.xib */ = {isa = PBXFileReference; lastKnownFileType = file.xib; path = ContactCell.xib; sourceTree = "<group>"; };
		147945CE213E73570055CE79 /* SeeConversationViewModel.swift */ = {isa = PBXFileReference; lastKnownFileType = sourcecode.swift; name = SeeConversationViewModel.swift; path = Messaging/SeeContact/SeeConversationViewModel.swift; sourceTree = SOURCE_ROOT; };
		147945D0213E78CD0055CE79 /* Utils.swift */ = {isa = PBXFileReference; lastKnownFileType = sourcecode.swift; path = Utils.swift; sourceTree = "<group>"; };
		147945D2213E7FB70055CE79 /* UserLocalSource.swift */ = {isa = PBXFileReference; lastKnownFileType = sourcecode.swift; path = UserLocalSource.swift; sourceTree = "<group>"; };
		147945D4213E80050055CE79 /* UserRemoteSource.swift */ = {isa = PBXFileReference; lastKnownFileType = sourcecode.swift; path = UserRemoteSource.swift; sourceTree = "<group>"; };
		147945D6213E80340055CE79 /* UserFirebaseSource.swift */ = {isa = PBXFileReference; lastKnownFileType = sourcecode.swift; path = UserFirebaseSource.swift; sourceTree = "<group>"; };
		147945D8213E80590055CE79 /* UserLocalSourceImpl.swift */ = {isa = PBXFileReference; lastKnownFileType = sourcecode.swift; path = UserLocalSourceImpl.swift; sourceTree = "<group>"; };
		147945DA213E85850055CE79 /* GoogleService-Info.plist */ = {isa = PBXFileReference; fileEncoding = 4; lastKnownFileType = text.plist.xml; path = "GoogleService-Info.plist"; sourceTree = "<group>"; };
		14843FE4214116AC00D5366B /* Message.swift */ = {isa = PBXFileReference; lastKnownFileType = sourcecode.swift; path = Message.swift; sourceTree = "<group>"; };
		14843FEA214122B900D5366B /* SeeChatHistoryVC.swift */ = {isa = PBXFileReference; lastKnownFileType = sourcecode.swift; path = SeeChatHistoryVC.swift; sourceTree = "<group>"; };
		14843FEB214122B900D5366B /* SeeChatHistoryVC.xib */ = {isa = PBXFileReference; lastKnownFileType = file.xib; path = SeeChatHistoryVC.xib; sourceTree = "<group>"; };
		14843FEE214136B500D5366B /* ConversationItem.swift */ = {isa = PBXFileReference; lastKnownFileType = sourcecode.swift; path = ConversationItem.swift; sourceTree = "<group>"; };
		14843FF021413B7800D5366B /* SingleConvoCell.swift */ = {isa = PBXFileReference; lastKnownFileType = sourcecode.swift; path = SingleConvoCell.swift; sourceTree = "<group>"; };
		14843FF121413B7800D5366B /* SingleConvoCell.xib */ = {isa = PBXFileReference; lastKnownFileType = file.xib; path = SingleConvoCell.xib; sourceTree = "<group>"; };
		14843FF421413B9E00D5366B /* GroupConvoCell.swift */ = {isa = PBXFileReference; lastKnownFileType = sourcecode.swift; path = GroupConvoCell.swift; sourceTree = "<group>"; };
		14843FF521413B9E00D5366B /* GroupConvoCell.xib */ = {isa = PBXFileReference; lastKnownFileType = file.xib; path = GroupConvoCell.xib; sourceTree = "<group>"; };
		14848ACA2140C7FC00DAA9F8 /* AcceptRequestUseCase.swift */ = {isa = PBXFileReference; lastKnownFileType = sourcecode.swift; path = AcceptRequestUseCase.swift; sourceTree = "<group>"; };
		14848ACC2140C80F00DAA9F8 /* CancelRequestUseCase.swift */ = {isa = PBXFileReference; lastKnownFileType = sourcecode.swift; path = CancelRequestUseCase.swift; sourceTree = "<group>"; };
		14848ACE2140C83600DAA9F8 /* SendRequestUseCase.swift */ = {isa = PBXFileReference; lastKnownFileType = sourcecode.swift; path = SendRequestUseCase.swift; sourceTree = "<group>"; };
		14848AD02140C84500DAA9F8 /* UnfriendUseCase.swift */ = {isa = PBXFileReference; lastKnownFileType = sourcecode.swift; path = UnfriendUseCase.swift; sourceTree = "<group>"; };
		14848AD22140C88100DAA9F8 /* AcceptFriendRequest.swift */ = {isa = PBXFileReference; lastKnownFileType = sourcecode.swift; path = AcceptFriendRequest.swift; sourceTree = "<group>"; };
		14848AD42140C88A00DAA9F8 /* CancelFriendRequest.swift */ = {isa = PBXFileReference; lastKnownFileType = sourcecode.swift; path = CancelFriendRequest.swift; sourceTree = "<group>"; };
		14848AD62140C89500DAA9F8 /* AddFriendRequest.swift */ = {isa = PBXFileReference; lastKnownFileType = sourcecode.swift; path = AddFriendRequest.swift; sourceTree = "<group>"; };
		14848AD82140C89D00DAA9F8 /* UnfriendRequest.swift */ = {isa = PBXFileReference; lastKnownFileType = sourcecode.swift; path = UnfriendRequest.swift; sourceTree = "<group>"; };
		14848ADA214113C300DAA9F8 /* ConversationLocalSource.swift */ = {isa = PBXFileReference; lastKnownFileType = sourcecode.swift; path = ConversationLocalSource.swift; sourceTree = "<group>"; };
		14848ADC2141140E00DAA9F8 /* ConversationRemoteSource.swift */ = {isa = PBXFileReference; lastKnownFileType = sourcecode.swift; path = ConversationRemoteSource.swift; sourceTree = "<group>"; };
		14848ADE2141149D00DAA9F8 /* ConversationFirebaseSource.swift */ = {isa = PBXFileReference; lastKnownFileType = sourcecode.swift; path = ConversationFirebaseSource.swift; sourceTree = "<group>"; };
		149CC71D213FAA6900B376E9 /* ContactFirebaseSource.swift */ = {isa = PBXFileReference; lastKnownFileType = sourcecode.swift; path = ContactFirebaseSource.swift; sourceTree = "<group>"; };
		14A239CE214B4EA00027743D /* UploadAvatarUseCase.swift */ = {isa = PBXFileReference; lastKnownFileType = sourcecode.swift; path = UploadAvatarUseCase.swift; sourceTree = "<group>"; };
		14A239D0214B4EBF0027743D /* UploadAvatarRequest.swift */ = {isa = PBXFileReference; lastKnownFileType = sourcecode.swift; path = UploadAvatarRequest.swift; sourceTree = "<group>"; };
		14CEE96D2136332F00A31FBB /* RxBinding.swift */ = {isa = PBXFileReference; lastKnownFileType = sourcecode.swift; path = RxBinding.swift; sourceTree = "<group>"; };
		14CEE97121363C2200A31FBB /* User.swift */ = {isa = PBXFileReference; lastKnownFileType = sourcecode.swift; path = User.swift; sourceTree = "<group>"; };
		14CEE9782136561E00A31FBB /* LoginUseCase.swift */ = {isa = PBXFileReference; lastKnownFileType = sourcecode.swift; path = LoginUseCase.swift; sourceTree = "<group>"; };
		14CEE97A2136562500A31FBB /* LoginRequest.swift */ = {isa = PBXFileReference; lastKnownFileType = sourcecode.swift; path = LoginRequest.swift; sourceTree = "<group>"; };
		14CEE97F2136584000A31FBB /* UserRepository.swift */ = {isa = PBXFileReference; lastKnownFileType = sourcecode.swift; path = UserRepository.swift; sourceTree = "<group>"; };
		14CEE9812136584900A31FBB /* UserRepositoryImpl.swift */ = {isa = PBXFileReference; lastKnownFileType = sourcecode.swift; path = UserRepositoryImpl.swift; sourceTree = "<group>"; };
		4B07CD619E165CAEFC760603 /* Pods-Messaging.release.xcconfig */ = {isa = PBXFileReference; includeInIndex = 1; lastKnownFileType = text.xcconfig; name = "Pods-Messaging.release.xcconfig"; path = "Pods/Target Support Files/Pods-Messaging/Pods-Messaging.release.xcconfig"; sourceTree = "<group>"; };
		688BB3FD82712A498F73AC1E /* Pods_Messaging.framework */ = {isa = PBXFileReference; explicitFileType = wrapper.framework; includeInIndex = 0; path = Pods_Messaging.framework; sourceTree = BUILT_PRODUCTS_DIR; };
		B60F17E0E37B45990389656D /* Pods-Messaging.debug.xcconfig */ = {isa = PBXFileReference; includeInIndex = 1; lastKnownFileType = text.xcconfig; name = "Pods-Messaging.debug.xcconfig"; path = "Pods/Target Support Files/Pods-Messaging/Pods-Messaging.debug.xcconfig"; sourceTree = "<group>"; };
/* End PBXFileReference section */

/* Begin PBXFrameworksBuildPhase section */
		1418234D2135025700DC0E98 /* Frameworks */ = {
			isa = PBXFrameworksBuildPhase;
			buildActionMask = 2147483647;
			files = (
				5859E7E5EBD1974D0D960EA4 /* Pods_Messaging.framework in Frameworks */,
			);
			runOnlyForDeploymentPostprocessing = 0;
		};
/* End PBXFrameworksBuildPhase section */

/* Begin PBXGroup section */
		141823472135025700DC0E98 = {
			isa = PBXGroup;
			children = (
				141823522135025700DC0E98 /* Messaging */,
				141823512135025700DC0E98 /* Products */,
				3278A6DABA3D162198D7551F /* Pods */,
				330CD3B42F6045788F6771B8 /* Frameworks */,
			);
			sourceTree = "<group>";
		};
		141823512135025700DC0E98 /* Products */ = {
			isa = PBXGroup;
			children = (
				141823502135025700DC0E98 /* Messaging.app */,
			);
			name = Products;
			sourceTree = "<group>";
		};
		141823522135025700DC0E98 /* Messaging */ = {
			isa = PBXGroup;
			children = (
				146153FA213F68350032EE95 /* AddContact */,
				1418236C2135072000DC0E98 /* Login */,
				143517A421352E6B0039874F /* SignUp */,
				141823652135055E00DC0E98 /* Main */,
				141823692135070C00DC0E98 /* ChatHistory */,
				1418236B2135071900DC0E98 /* SeeContact */,
				1418236D2135072400DC0E98 /* SeeProfile */,
				1418236A2135071300DC0E98 /* SeeConversation */,
				1418236E2135073200DC0E98 /* ChangePass */,
				1418236F213507D900DC0E98 /* Common */,
				141823532135025700DC0E98 /* AppDelegate.swift */,
				141823552135025700DC0E98 /* ViewController.swift */,
				141823572135025700DC0E98 /* Main.storyboard */,
				1418235A2135025800DC0E98 /* Assets.xcassets */,
				147945DA213E85850055CE79 /* GoogleService-Info.plist */,
				1418235C2135025800DC0E98 /* LaunchScreen.storyboard */,
				1418235F2135025800DC0E98 /* Info.plist */,
			);
			path = Messaging;
			sourceTree = "<group>";
		};
		141823652135055E00DC0E98 /* Main */ = {
			isa = PBXGroup;
			children = (
				14461A5321379CDD0062FAC6 /* MainVC.swift */,
			);
			path = Main;
			sourceTree = "<group>";
		};
		141823662135056E00DC0E98 /* Repository */ = {
			isa = PBXGroup;
			children = (
				14461A6E2137A84E0062FAC6 /* Request */,
				1451585821350C8F0038CE74 /* Model */,
				141823682135062B00DC0E98 /* Impl */,
				141823672135060D00DC0E98 /* Datasource */,
				14CEE97F2136584000A31FBB /* UserRepository.swift */,
				14461A672137A65D0062FAC6 /* ContactRepository.swift */,
				140C33FF2138E69200DC3535 /* ConversationRepository.swift */,
			);
			path = Repository;
			sourceTree = "<group>";
		};
		141823672135060D00DC0E98 /* Datasource */ = {
			isa = PBXGroup;
			children = (
				14461A772137EA890062FAC6 /* Impl */,
				14461A732137E8CC0062FAC6 /* ContactRemoteSource.swift */,
				14461A752137E8D80062FAC6 /* ContactLocalSource.swift */,
				147945D2213E7FB70055CE79 /* UserLocalSource.swift */,
				147945D4213E80050055CE79 /* UserRemoteSource.swift */,
				14848ADA214113C300DAA9F8 /* ConversationLocalSource.swift */,
				14848ADC2141140E00DAA9F8 /* ConversationRemoteSource.swift */,
			);
			path = Datasource;
			sourceTree = "<group>";
		};
		141823682135062B00DC0E98 /* Impl */ = {
			isa = PBXGroup;
			children = (
				140C34012138E95000DC3535 /* ConversationRepositoryImpl.swift */,
				14CEE9812136584900A31FBB /* UserRepositoryImpl.swift */,
				14461A692137A6DE0062FAC6 /* ContactRepositoryImpl.swift */,
			);
			path = Impl;
			sourceTree = "<group>";
		};
		141823692135070C00DC0E98 /* ChatHistory */ = {
			isa = PBXGroup;
			children = (
				140C33FB2138E52100DC3535 /* SeeChatHistoryUseCase.swift */,
				140C34032138EC0700DC3535 /* SeeChatHistoryViewModel.swift */,
				14843FEA214122B900D5366B /* SeeChatHistoryVC.swift */,
				14843FEB214122B900D5366B /* SeeChatHistoryVC.xib */,
				14843FEE214136B500D5366B /* ConversationItem.swift */,
				14843FF021413B7800D5366B /* SingleConvoCell.swift */,
				14843FF421413B9E00D5366B /* GroupConvoCell.swift */,
				14843FF521413B9E00D5366B /* GroupConvoCell.xib */,
				14843FF121413B7800D5366B /* SingleConvoCell.xib */,
			);
			path = ChatHistory;
			sourceTree = "<group>";
		};
		1418236A2135071300DC0E98 /* SeeConversation */ = {
			isa = PBXGroup;
			children = (
				142E515221421BF500FC0593 /* Cell */,
				142E515121421BE800FC0593 /* Request */,
				142E515021421BDD00FC0593 /* UseCase */,
				14461A5921379DFF0062FAC6 /* SeeConversationVC.swift */,
				14461A5A21379DFF0062FAC6 /* SeeConversationVC.xib */,
				147945CE213E73570055CE79 /* SeeConversationViewModel.swift */,
			);
			path = SeeConversation;
			sourceTree = "<group>";
		};
		1418236B2135071900DC0E98 /* SeeContact */ = {
			isa = PBXGroup;
			children = (
				14461A5021379CC40062FAC6 /* SeeContactVC.swift */,
				14461A4F21379CC40062FAC6 /* SeeContactVC.xib */,
				14461A5D21379E620062FAC6 /* SeeContactViewModel.swift */,
				14461A632137A1650062FAC6 /* SeeContactUseCase.swift */,
				147945C8213E31010055CE79 /* ContactItem.swift */,
				147945CA213E31830055CE79 /* ContactCell.swift */,
				147945CB213E31830055CE79 /* ContactCell.xib */,
			);
			path = SeeContact;
			sourceTree = "<group>";
		};
		1418236C2135072000DC0E98 /* Login */ = {
			isa = PBXGroup;
			children = (
				143517A521352F200039874F /* LoginViewModel.swift */,
				14CEE9782136561E00A31FBB /* LoginUseCase.swift */,
				14CEE97A2136562500A31FBB /* LoginRequest.swift */,
				1439D99021365C3D0094C12C /* LoginVC.swift */,
				1439D99121365C3D0094C12C /* LoginVC.xib */,
				140C34052138F74F00DC3535 /* AutoLoginUseCase.swift */,
			);
			path = Login;
			sourceTree = "<group>";
		};
		1418236D2135072400DC0E98 /* SeeProfile */ = {
			isa = PBXGroup;
			children = (
				14461A5621379CEC0062FAC6 /* SeeProfileVC.swift */,
				14461A5521379CEB0062FAC6 /* SeeProfileVC.xib */,
				140C33F12138D37900DC3535 /* SeeProfileViewModel.swift */,
				140C33F32138D69E00DC3535 /* SeeProfileUseCase.swift */,
				14A239CE214B4EA00027743D /* UploadAvatarUseCase.swift */,
				14A239D0214B4EBF0027743D /* UploadAvatarRequest.swift */,
			);
			name = SeeProfile;
			path = PersonalProfile;
			sourceTree = "<group>";
		};
		1418236E2135073200DC0E98 /* ChangePass */ = {
			isa = PBXGroup;
			children = (
				140C34072139240600DC3535 /* ChangePassVIewModel.swift */,
				140C34092139241600DC3535 /* ChangePassRequest.swift */,
				140C340B2139242000DC3535 /* ChangePassUseCase.swift */,
				140C340D2139243100DC3535 /* ChangePassVC.swift */,
				140C340E2139243100DC3535 /* ChangePassVC.xib */,
			);
			path = ChangePass;
			sourceTree = "<group>";
		};
		1418236F213507D900DC0E98 /* Common */ = {
			isa = PBXGroup;
			children = (
				14CEE975213655E600A31FBB /* Utils */,
				141823662135056E00DC0E98 /* Repository */,
			);
			path = Common;
			sourceTree = "<group>";
		};
		142E515021421BDD00FC0593 /* UseCase */ = {
			isa = PBXGroup;
			children = (
				142E515721421CE500FC0593 /* LoadConvoFromContactIdUseCase.swift */,
				142E515921421DF600FC0593 /* LoadConvoFromConvoIdUseCase.swift */,
				1447A96D2146764C00F7E1CF /* SendMessageUseCase.swift */,
				1458BC232147597F005A93AD /* SendMessageToUserUseCase.swift */,
				1458BC2521475FB9005A93AD /* GetConversationLabelUseCase.swift */,
				1458BC2721475FC9005A93AD /* GetContactNicknameUseCase.swift */,
				1436689C2148BB7D00B2766E /* GetUserUseCase.swift */,
			);
			path = UseCase;
			sourceTree = "<group>";
		};
		142E515121421BE800FC0593 /* Request */ = {
			isa = PBXGroup;
			children = (
				142E515321421C1A00FC0593 /* LoadConvoFromContactIdRequest.swift */,
				142E515521421C2800FC0593 /* LoadConvoFromConvoIdRequest.swift */,
				1447A96F2146765600F7E1CF /* SendMessageRequest.swift */,
				1458BC212147596E005A93AD /* SendMessageToUserRequest.swift */,
				1458BC2921476249005A93AD /* GetContactNicknameRequest.swift */,
				1458BC2B21476257005A93AD /* GetConversationLabelRequest.swift */,
			);
			path = Request;
			sourceTree = "<group>";
		};
		142E515221421BF500FC0593 /* Cell */ = {
			isa = PBXGroup;
			children = (
				1458BC2D2147A611005A93AD /* TextMessageCell.swift */,
				1436689E2148CD4700B2766E /* TextMeMessageCell.swift */,
			);
			path = Cell;
			sourceTree = "<group>";
		};
		143517A421352E6B0039874F /* SignUp */ = {
			isa = PBXGroup;
			children = (
				1439D99821369D1B0094C12C /* SignupUseCase.swift */,
				1439D99A21369D230094C12C /* SignupRequest.swift */,
				1439D99C21369FA30094C12C /* SignupViewModel.swift */,
				1439D99E21369FAE0094C12C /* SignupVC.swift */,
				1439D99F21369FAE0094C12C /* SignupVC.xib */,
			);
			path = SignUp;
			sourceTree = "<group>";
		};
		14461A6E2137A84E0062FAC6 /* Request */ = {
			isa = PBXGroup;
			children = (
			);
			path = Request;
			sourceTree = "<group>";
		};
		14461A772137EA890062FAC6 /* Impl */ = {
			isa = PBXGroup;
			children = (
				14461A782137EA970062FAC6 /* ContactLocalSourceImpl.swift */,
				147945D6213E80340055CE79 /* UserFirebaseSource.swift */,
				147945D8213E80590055CE79 /* UserLocalSourceImpl.swift */,
				149CC71D213FAA6900B376E9 /* ContactFirebaseSource.swift */,
				14848ADE2141149D00DAA9F8 /* ConversationFirebaseSource.swift */,
			);
			path = Impl;
			sourceTree = "<group>";
		};
		1451585821350C8F0038CE74 /* Model */ = {
			isa = PBXGroup;
			children = (
				14CEE97121363C2200A31FBB /* User.swift */,
				14461A652137A3C60062FAC6 /* Contact.swift */,
				140C33F72138E1A400DC3535 /* Conversation.swift */,
				14615409213F7C800032EE95 /* ContactRequest.swift */,
				14843FE4214116AC00D5366B /* Message.swift */,
			);
			path = Model;
			sourceTree = "<group>";
		};
		146153FA213F68350032EE95 /* AddContact */ = {
			isa = PBXGroup;
			children = (
				14848AC92140C79A00DAA9F8 /* Cell */,
				14848AC82140C78B00DAA9F8 /* Request */,
				14848AC72140C78100DAA9F8 /* UseCase */,
				146153FB213F68450032EE95 /* AddContactViewModel.swift */,
				14615405213F68910032EE95 /* AddContactVC.swift */,
				14615406213F68910032EE95 /* AddContactVC.xib */,
			);
			path = AddContact;
			sourceTree = "<group>";
		};
		14848AC72140C78100DAA9F8 /* UseCase */ = {
			isa = PBXGroup;
			children = (
				146153FD213F68570032EE95 /* AddContactUseCase.swift */,
				146153FF213F68650032EE95 /* SearchContactUseCase.swift */,
				14848ACA2140C7FC00DAA9F8 /* AcceptRequestUseCase.swift */,
				14848ACC2140C80F00DAA9F8 /* CancelRequestUseCase.swift */,
				14848ACE2140C83600DAA9F8 /* SendRequestUseCase.swift */,
				14848AD02140C84500DAA9F8 /* UnfriendUseCase.swift */,
			);
			path = UseCase;
			sourceTree = "<group>";
		};
		14848AC82140C78B00DAA9F8 /* Request */ = {
			isa = PBXGroup;
			children = (
				14615401213F686F0032EE95 /* AddContactRequest.swift */,
				14615403213F68770032EE95 /* SearchContactRequest.swift */,
				14848AD22140C88100DAA9F8 /* AcceptFriendRequest.swift */,
				14848AD42140C88A00DAA9F8 /* CancelFriendRequest.swift */,
				14848AD62140C89500DAA9F8 /* AddFriendRequest.swift */,
				14848AD82140C89D00DAA9F8 /* UnfriendRequest.swift */,
			);
			path = Request;
			sourceTree = "<group>";
		};
		14848AC92140C79A00DAA9F8 /* Cell */ = {
			isa = PBXGroup;
			children = (
				1461540B213F8AA20032EE95 /* AcceptedContactCell.swift */,
				1461540C213F8AA20032EE95 /* AcceptedContactCell.xib */,
				1461540F213F8ABA0032EE95 /* RequestedContactCell.swift */,
				14615410213F8ABA0032EE95 /* RequestedContactCell.xib */,
				14615413213F8AC60032EE95 /* RequestingContactCell.swift */,
				14615414213F8AC60032EE95 /* RequestingContactCell.xib */,
				14615417213F8AD00032EE95 /* StrangerContactCell.swift */,
				14615418213F8AD00032EE95 /* StrangerContactCell.xib */,
			);
			path = Cell;
			sourceTree = "<group>";
		};
		14CEE975213655E600A31FBB /* Utils */ = {
			isa = PBXGroup;
			children = (
				1439D994213660270094C12C /* ObservableType.swift */,
				14182370213507E500DC0E98 /* ViewFor.swift */,
				143517A021352D3C0039874F /* BaseVC.swift */,
				141823722135081E00DC0E98 /* ViewModelDelegate.swift */,
				1451585621350BB70038CE74 /* UseCase.swift */,
				14CEE96D2136332F00A31FBB /* RxBinding.swift */,
				1439D99621367FD30094C12C /* MyErrors.swift */,
				14461A712137AD5B0062FAC6 /* ErrorTracker.swift */,
				147945D0213E78CD0055CE79 /* Utils.swift */,
			);
			path = Utils;
			sourceTree = "<group>";
		};
		3278A6DABA3D162198D7551F /* Pods */ = {
			isa = PBXGroup;
			children = (
				B60F17E0E37B45990389656D /* Pods-Messaging.debug.xcconfig */,
				4B07CD619E165CAEFC760603 /* Pods-Messaging.release.xcconfig */,
			);
			name = Pods;
			sourceTree = "<group>";
		};
		330CD3B42F6045788F6771B8 /* Frameworks */ = {
			isa = PBXGroup;
			children = (
				688BB3FD82712A498F73AC1E /* Pods_Messaging.framework */,
			);
			name = Frameworks;
			sourceTree = "<group>";
		};
/* End PBXGroup section */

/* Begin PBXNativeTarget section */
		1418234F2135025700DC0E98 /* Messaging */ = {
			isa = PBXNativeTarget;
			buildConfigurationList = 141823622135025800DC0E98 /* Build configuration list for PBXNativeTarget "Messaging" */;
			buildPhases = (
				365450D4FFEEEEE2625EDEF7 /* [CP] Check Pods Manifest.lock */,
				1418234C2135025700DC0E98 /* Sources */,
				1418234D2135025700DC0E98 /* Frameworks */,
				1418234E2135025700DC0E98 /* Resources */,
				3B5A3D4D76AEB9563C82009E /* [CP] Embed Pods Frameworks */,
			);
			buildRules = (
			);
			dependencies = (
			);
			name = Messaging;
			productName = Messaging;
			productReference = 141823502135025700DC0E98 /* Messaging.app */;
			productType = "com.apple.product-type.application";
		};
/* End PBXNativeTarget section */

/* Begin PBXProject section */
		141823482135025700DC0E98 /* Project object */ = {
			isa = PBXProject;
			attributes = {
				LastSwiftUpdateCheck = 0940;
				LastUpgradeCheck = 0940;
				ORGANIZATIONNAME = "Le Duy Bach";
				TargetAttributes = {
					1418234F2135025700DC0E98 = {
						CreatedOnToolsVersion = 9.4.1;
					};
				};
			};
			buildConfigurationList = 1418234B2135025700DC0E98 /* Build configuration list for PBXProject "Messaging" */;
			compatibilityVersion = "Xcode 9.3";
			developmentRegion = en;
			hasScannedForEncodings = 0;
			knownRegions = (
				en,
				Base,
			);
			mainGroup = 141823472135025700DC0E98;
			productRefGroup = 141823512135025700DC0E98 /* Products */;
			projectDirPath = "";
			projectRoot = "";
			targets = (
				1418234F2135025700DC0E98 /* Messaging */,
			);
		};
/* End PBXProject section */

/* Begin PBXResourcesBuildPhase section */
		1418234E2135025700DC0E98 /* Resources */ = {
			isa = PBXResourcesBuildPhase;
			buildActionMask = 2147483647;
			files = (
				1461541A213F8AD00032EE95 /* StrangerContactCell.xib in Resources */,
				14461A5721379CEC0062FAC6 /* SeeProfileVC.xib in Resources */,
				140C34102139243100DC3535 /* ChangePassVC.xib in Resources */,
				14461A5121379CC40062FAC6 /* SeeContactVC.xib in Resources */,
				1439D99321365C3D0094C12C /* LoginVC.xib in Resources */,
				14461A5C21379DFF0062FAC6 /* SeeConversationVC.xib in Resources */,
				147945DB213E85860055CE79 /* GoogleService-Info.plist in Resources */,
				14843FF321413B7800D5366B /* SingleConvoCell.xib in Resources */,
				14615416213F8AC60032EE95 /* RequestingContactCell.xib in Resources */,
				1439D9A121369FAE0094C12C /* SignupVC.xib in Resources */,
				147945CD213E31830055CE79 /* ContactCell.xib in Resources */,
				14843FED214122B900D5366B /* SeeChatHistoryVC.xib in Resources */,
				1418235E2135025800DC0E98 /* LaunchScreen.storyboard in Resources */,
				1418235B2135025800DC0E98 /* Assets.xcassets in Resources */,
				141823592135025700DC0E98 /* Main.storyboard in Resources */,
				14843FF721413B9E00D5366B /* GroupConvoCell.xib in Resources */,
				14615408213F68910032EE95 /* AddContactVC.xib in Resources */,
				1461540E213F8AA30032EE95 /* AcceptedContactCell.xib in Resources */,
				14615412213F8ABA0032EE95 /* RequestedContactCell.xib in Resources */,
			);
			runOnlyForDeploymentPostprocessing = 0;
		};
/* End PBXResourcesBuildPhase section */

/* Begin PBXShellScriptBuildPhase section */
		365450D4FFEEEEE2625EDEF7 /* [CP] Check Pods Manifest.lock */ = {
			isa = PBXShellScriptBuildPhase;
			buildActionMask = 2147483647;
			files = (
			);
			inputPaths = (
				"${PODS_PODFILE_DIR_PATH}/Podfile.lock",
				"${PODS_ROOT}/Manifest.lock",
			);
			name = "[CP] Check Pods Manifest.lock";
			outputPaths = (
				"$(DERIVED_FILE_DIR)/Pods-Messaging-checkManifestLockResult.txt",
			);
			runOnlyForDeploymentPostprocessing = 0;
			shellPath = /bin/sh;
			shellScript = "diff \"${PODS_PODFILE_DIR_PATH}/Podfile.lock\" \"${PODS_ROOT}/Manifest.lock\" > /dev/null\nif [ $? != 0 ] ; then\n    # print error to STDERR\n    echo \"error: The sandbox is not in sync with the Podfile.lock. Run 'pod install' or update your CocoaPods installation.\" >&2\n    exit 1\nfi\n# This output is used by Xcode 'outputs' to avoid re-running this script phase.\necho \"SUCCESS\" > \"${SCRIPT_OUTPUT_FILE_0}\"\n";
			showEnvVarsInLog = 0;
		};
		3B5A3D4D76AEB9563C82009E /* [CP] Embed Pods Frameworks */ = {
			isa = PBXShellScriptBuildPhase;
			buildActionMask = 2147483647;
			files = (
			);
			inputPaths = (
				"${SRCROOT}/Pods/Target Support Files/Pods-Messaging/Pods-Messaging-frameworks.sh",
				"${BUILT_PRODUCTS_DIR}/Differentiator/Differentiator.framework",
				"${BUILT_PRODUCTS_DIR}/GTMSessionFetcher/GTMSessionFetcher.framework",
				"${BUILT_PRODUCTS_DIR}/GoogleUtilities/GoogleUtilities.framework",
				"${BUILT_PRODUCTS_DIR}/IQKeyboardManagerSwift/IQKeyboardManagerSwift.framework",
				"${BUILT_PRODUCTS_DIR}/RxCocoa/RxCocoa.framework",
				"${BUILT_PRODUCTS_DIR}/RxDataSources/RxDataSources.framework",
				"${BUILT_PRODUCTS_DIR}/RxSwift/RxSwift.framework",
				"${BUILT_PRODUCTS_DIR}/Toast/Toast.framework",
				"${BUILT_PRODUCTS_DIR}/leveldb-library/leveldb.framework",
				"${BUILT_PRODUCTS_DIR}/nanopb/nanopb.framework",
			);
			name = "[CP] Embed Pods Frameworks";
			outputPaths = (
				"${TARGET_BUILD_DIR}/${FRAMEWORKS_FOLDER_PATH}/Differentiator.framework",
				"${TARGET_BUILD_DIR}/${FRAMEWORKS_FOLDER_PATH}/GTMSessionFetcher.framework",
				"${TARGET_BUILD_DIR}/${FRAMEWORKS_FOLDER_PATH}/GoogleUtilities.framework",
				"${TARGET_BUILD_DIR}/${FRAMEWORKS_FOLDER_PATH}/IQKeyboardManagerSwift.framework",
				"${TARGET_BUILD_DIR}/${FRAMEWORKS_FOLDER_PATH}/RxCocoa.framework",
				"${TARGET_BUILD_DIR}/${FRAMEWORKS_FOLDER_PATH}/RxDataSources.framework",
				"${TARGET_BUILD_DIR}/${FRAMEWORKS_FOLDER_PATH}/RxSwift.framework",
				"${TARGET_BUILD_DIR}/${FRAMEWORKS_FOLDER_PATH}/Toast.framework",
				"${TARGET_BUILD_DIR}/${FRAMEWORKS_FOLDER_PATH}/leveldb.framework",
				"${TARGET_BUILD_DIR}/${FRAMEWORKS_FOLDER_PATH}/nanopb.framework",
			);
			runOnlyForDeploymentPostprocessing = 0;
			shellPath = /bin/sh;
			shellScript = "\"${SRCROOT}/Pods/Target Support Files/Pods-Messaging/Pods-Messaging-frameworks.sh\"\n";
			showEnvVarsInLog = 0;
		};
/* End PBXShellScriptBuildPhase section */

/* Begin PBXSourcesBuildPhase section */
		1418234C2135025700DC0E98 /* Sources */ = {
			isa = PBXSourcesBuildPhase;
			buildActionMask = 2147483647;
			files = (
				147945CC213E31830055CE79 /* ContactCell.swift in Sources */,
				147945D9213E80590055CE79 /* UserLocalSourceImpl.swift in Sources */,
				1439D99721367FD30094C12C /* MyErrors.swift in Sources */,
				14843FEF214136B500D5366B /* ConversationItem.swift in Sources */,
				1439D99D21369FA30094C12C /* SignupViewModel.swift in Sources */,
				14461A5B21379DFF0062FAC6 /* SeeConversationVC.swift in Sources */,
				1436689D2148BB7D00B2766E /* GetUserUseCase.swift in Sources */,
				14615407213F68910032EE95 /* AddContactVC.swift in Sources */,
				1447A9702146765600F7E1CF /* SendMessageRequest.swift in Sources */,
				1439D9A021369FAE0094C12C /* SignupVC.swift in Sources */,
				14A239CF214B4EA00027743D /* UploadAvatarUseCase.swift in Sources */,
				142E515621421C2800FC0593 /* LoadConvoFromConvoIdRequest.swift in Sources */,
				140C340C2139242000DC3535 /* ChangePassUseCase.swift in Sources */,
				14461A5421379CDD0062FAC6 /* MainVC.swift in Sources */,
				14843FE5214116AC00D5366B /* Message.swift in Sources */,
				1451585721350BB70038CE74 /* UseCase.swift in Sources */,
				140C34002138E69200DC3535 /* ConversationRepository.swift in Sources */,
				14615411213F8ABA0032EE95 /* RequestedContactCell.swift in Sources */,
				140C340A2139241600DC3535 /* ChangePassRequest.swift in Sources */,
				146153FC213F68450032EE95 /* AddContactViewModel.swift in Sources */,
				143517A121352D3C0039874F /* BaseVC.swift in Sources */,
				14A239D1214B4EBF0027743D /* UploadAvatarRequest.swift in Sources */,
				14848ACB2140C7FC00DAA9F8 /* AcceptRequestUseCase.swift in Sources */,
				14843FF621413B9E00D5366B /* GroupConvoCell.swift in Sources */,
				140C34082139240600DC3535 /* ChangePassVIewModel.swift in Sources */,
				14461A662137A3C60062FAC6 /* Contact.swift in Sources */,
				1458BC2C21476257005A93AD /* GetConversationLabelRequest.swift in Sources */,
				1439D99B21369D230094C12C /* SignupRequest.swift in Sources */,
				140C34062138F74F00DC3535 /* AutoLoginUseCase.swift in Sources */,
				147945D5213E80050055CE79 /* UserRemoteSource.swift in Sources */,
				14848AD92140C89D00DAA9F8 /* UnfriendRequest.swift in Sources */,
				14CEE96E2136332F00A31FBB /* RxBinding.swift in Sources */,
				1458BC2621475FB9005A93AD /* GetConversationLabelUseCase.swift in Sources */,
				1447A96E2146764C00F7E1CF /* SendMessageUseCase.swift in Sources */,
				1439D99221365C3D0094C12C /* LoginVC.swift in Sources */,
				14848AD72140C89500DAA9F8 /* AddFriendRequest.swift in Sources */,
				14CEE97B2136562500A31FBB /* LoginRequest.swift in Sources */,
				14461A742137E8CC0062FAC6 /* ContactRemoteSource.swift in Sources */,
				140C33F42138D69E00DC3535 /* SeeProfileUseCase.swift in Sources */,
				14CEE9792136561E00A31FBB /* LoginUseCase.swift in Sources */,
				14CEE9822136584900A31FBB /* UserRepositoryImpl.swift in Sources */,
				147945D3213E7FB70055CE79 /* UserLocalSource.swift in Sources */,
				146153FE213F68570032EE95 /* AddContactUseCase.swift in Sources */,
				142E515421421C1A00FC0593 /* LoadConvoFromContactIdRequest.swift in Sources */,
				14848AD12140C84500DAA9F8 /* UnfriendUseCase.swift in Sources */,
				14461A5821379CEC0062FAC6 /* SeeProfileVC.swift in Sources */,
				14461A722137AD5B0062FAC6 /* ErrorTracker.swift in Sources */,
				14461A642137A1650062FAC6 /* SeeContactUseCase.swift in Sources */,
				1458BC222147596E005A93AD /* SendMessageToUserRequest.swift in Sources */,
				140C340F2139243100DC3535 /* ChangePassVC.swift in Sources */,
				1461540A213F7C800032EE95 /* ContactRequest.swift in Sources */,
				141823562135025700DC0E98 /* ViewController.swift in Sources */,
				147945D7213E80340055CE79 /* UserFirebaseSource.swift in Sources */,
				140C33F22138D37900DC3535 /* SeeProfileViewModel.swift in Sources */,
				1439D99921369D1B0094C12C /* SignupUseCase.swift in Sources */,
				14461A5221379CC40062FAC6 /* SeeContactVC.swift in Sources */,
				14848ADB214113C300DAA9F8 /* ConversationLocalSource.swift in Sources */,
				14848ADF2141149D00DAA9F8 /* ConversationFirebaseSource.swift in Sources */,
				140C33F82138E1A400DC3535 /* Conversation.swift in Sources */,
				147945D1213E78CD0055CE79 /* Utils.swift in Sources */,
				140C34042138EC0700DC3535 /* SeeChatHistoryViewModel.swift in Sources */,
				1458BC2A21476249005A93AD /* GetContactNicknameRequest.swift in Sources */,
				1458BC2821475FC9005A93AD /* GetContactNicknameUseCase.swift in Sources */,
				14843FEC214122B900D5366B /* SeeChatHistoryVC.swift in Sources */,
				1461540D213F8AA20032EE95 /* AcceptedContactCell.swift in Sources */,
				14848AD32140C88100DAA9F8 /* AcceptFriendRequest.swift in Sources */,
				14461A5E21379E620062FAC6 /* SeeContactViewModel.swift in Sources */,
				142E515821421CE500FC0593 /* LoadConvoFromContactIdUseCase.swift in Sources */,
				143517A621352F200039874F /* LoginViewModel.swift in Sources */,
				1439D995213660270094C12C /* ObservableType.swift in Sources */,
				14615404213F68770032EE95 /* SearchContactRequest.swift in Sources */,
				140C33FC2138E52100DC3535 /* SeeChatHistoryUseCase.swift in Sources */,
				14615419213F8AD00032EE95 /* StrangerContactCell.swift in Sources */,
				14461A792137EA970062FAC6 /* ContactLocalSourceImpl.swift in Sources */,
				14615415213F8AC60032EE95 /* RequestingContactCell.swift in Sources */,
				14848AD52140C88A00DAA9F8 /* CancelFriendRequest.swift in Sources */,
				14848ACD2140C80F00DAA9F8 /* CancelRequestUseCase.swift in Sources */,
				14615400213F68650032EE95 /* SearchContactUseCase.swift in Sources */,
				140C34022138E95000DC3535 /* ConversationRepositoryImpl.swift in Sources */,
				142E515A21421DF600FC0593 /* LoadConvoFromConvoIdUseCase.swift in Sources */,
				1436689F2148CD4700B2766E /* TextMeMessageCell.swift in Sources */,
				14615402213F686F0032EE95 /* AddContactRequest.swift in Sources */,
				149CC71E213FAA6900B376E9 /* ContactFirebaseSource.swift in Sources */,
				14461A762137E8D80062FAC6 /* ContactLocalSource.swift in Sources */,
				147945C9213E31010055CE79 /* ContactItem.swift in Sources */,
				14848ADD2141140E00DAA9F8 /* ConversationRemoteSource.swift in Sources */,
				141823732135081E00DC0E98 /* ViewModelDelegate.swift in Sources */,
				14461A6A2137A6DE0062FAC6 /* ContactRepositoryImpl.swift in Sources */,
				147945CF213E73570055CE79 /* SeeConversationViewModel.swift in Sources */,
				1458BC242147597F005A93AD /* SendMessageToUserUseCase.swift in Sources */,
				14843FF221413B7800D5366B /* SingleConvoCell.swift in Sources */,
				14848ACF2140C83600DAA9F8 /* SendRequestUseCase.swift in Sources */,
				14461A682137A65D0062FAC6 /* ContactRepository.swift in Sources */,
				14CEE9802136584000A31FBB /* UserRepository.swift in Sources */,
				14182371213507E500DC0E98 /* ViewFor.swift in Sources */,
				14CEE97221363C2200A31FBB /* User.swift in Sources */,
				1458BC2E2147A611005A93AD /* TextMessageCell.swift in Sources */,
				141823542135025700DC0E98 /* AppDelegate.swift in Sources */,
			);
			runOnlyForDeploymentPostprocessing = 0;
		};
/* End PBXSourcesBuildPhase section */

/* Begin PBXVariantGroup section */
		141823572135025700DC0E98 /* Main.storyboard */ = {
			isa = PBXVariantGroup;
			children = (
				141823582135025700DC0E98 /* Base */,
			);
			name = Main.storyboard;
			sourceTree = "<group>";
		};
		1418235C2135025800DC0E98 /* LaunchScreen.storyboard */ = {
			isa = PBXVariantGroup;
			children = (
				1418235D2135025800DC0E98 /* Base */,
			);
			name = LaunchScreen.storyboard;
			sourceTree = "<group>";
		};
/* End PBXVariantGroup section */

/* Begin XCBuildConfiguration section */
		141823602135025800DC0E98 /* Debug */ = {
			isa = XCBuildConfiguration;
			buildSettings = {
				ALWAYS_SEARCH_USER_PATHS = NO;
				CLANG_ANALYZER_NONNULL = YES;
				CLANG_ANALYZER_NUMBER_OBJECT_CONVERSION = YES_AGGRESSIVE;
				CLANG_CXX_LANGUAGE_STANDARD = "gnu++14";
				CLANG_CXX_LIBRARY = "libc++";
				CLANG_ENABLE_MODULES = YES;
				CLANG_ENABLE_OBJC_ARC = YES;
				CLANG_ENABLE_OBJC_WEAK = YES;
				CLANG_WARN_BLOCK_CAPTURE_AUTORELEASING = YES;
				CLANG_WARN_BOOL_CONVERSION = YES;
				CLANG_WARN_COMMA = YES;
				CLANG_WARN_CONSTANT_CONVERSION = YES;
				CLANG_WARN_DEPRECATED_OBJC_IMPLEMENTATIONS = YES;
				CLANG_WARN_DIRECT_OBJC_ISA_USAGE = YES_ERROR;
				CLANG_WARN_DOCUMENTATION_COMMENTS = YES;
				CLANG_WARN_EMPTY_BODY = YES;
				CLANG_WARN_ENUM_CONVERSION = YES;
				CLANG_WARN_INFINITE_RECURSION = YES;
				CLANG_WARN_INT_CONVERSION = YES;
				CLANG_WARN_NON_LITERAL_NULL_CONVERSION = YES;
				CLANG_WARN_OBJC_IMPLICIT_RETAIN_SELF = YES;
				CLANG_WARN_OBJC_LITERAL_CONVERSION = YES;
				CLANG_WARN_OBJC_ROOT_CLASS = YES_ERROR;
				CLANG_WARN_RANGE_LOOP_ANALYSIS = YES;
				CLANG_WARN_STRICT_PROTOTYPES = YES;
				CLANG_WARN_SUSPICIOUS_MOVE = YES;
				CLANG_WARN_UNGUARDED_AVAILABILITY = YES_AGGRESSIVE;
				CLANG_WARN_UNREACHABLE_CODE = YES;
				CLANG_WARN__DUPLICATE_METHOD_MATCH = YES;
				CODE_SIGN_IDENTITY = "iPhone Developer";
				COPY_PHASE_STRIP = NO;
				DEBUG_INFORMATION_FORMAT = dwarf;
				ENABLE_STRICT_OBJC_MSGSEND = YES;
				ENABLE_TESTABILITY = YES;
				GCC_C_LANGUAGE_STANDARD = gnu11;
				GCC_DYNAMIC_NO_PIC = NO;
				GCC_NO_COMMON_BLOCKS = YES;
				GCC_OPTIMIZATION_LEVEL = 0;
				GCC_PREPROCESSOR_DEFINITIONS = (
					"DEBUG=1",
					"$(inherited)",
				);
				GCC_WARN_64_TO_32_BIT_CONVERSION = YES;
				GCC_WARN_ABOUT_RETURN_TYPE = YES_ERROR;
				GCC_WARN_UNDECLARED_SELECTOR = YES;
				GCC_WARN_UNINITIALIZED_AUTOS = YES_AGGRESSIVE;
				GCC_WARN_UNUSED_FUNCTION = YES;
				GCC_WARN_UNUSED_VARIABLE = YES;
				IPHONEOS_DEPLOYMENT_TARGET = 11.4;
				MTL_ENABLE_DEBUG_INFO = YES;
				ONLY_ACTIVE_ARCH = YES;
				SDKROOT = iphoneos;
				SWIFT_ACTIVE_COMPILATION_CONDITIONS = DEBUG;
				SWIFT_OPTIMIZATION_LEVEL = "-Onone";
			};
			name = Debug;
		};
		141823612135025800DC0E98 /* Release */ = {
			isa = XCBuildConfiguration;
			buildSettings = {
				ALWAYS_SEARCH_USER_PATHS = NO;
				CLANG_ANALYZER_NONNULL = YES;
				CLANG_ANALYZER_NUMBER_OBJECT_CONVERSION = YES_AGGRESSIVE;
				CLANG_CXX_LANGUAGE_STANDARD = "gnu++14";
				CLANG_CXX_LIBRARY = "libc++";
				CLANG_ENABLE_MODULES = YES;
				CLANG_ENABLE_OBJC_ARC = YES;
				CLANG_ENABLE_OBJC_WEAK = YES;
				CLANG_WARN_BLOCK_CAPTURE_AUTORELEASING = YES;
				CLANG_WARN_BOOL_CONVERSION = YES;
				CLANG_WARN_COMMA = YES;
				CLANG_WARN_CONSTANT_CONVERSION = YES;
				CLANG_WARN_DEPRECATED_OBJC_IMPLEMENTATIONS = YES;
				CLANG_WARN_DIRECT_OBJC_ISA_USAGE = YES_ERROR;
				CLANG_WARN_DOCUMENTATION_COMMENTS = YES;
				CLANG_WARN_EMPTY_BODY = YES;
				CLANG_WARN_ENUM_CONVERSION = YES;
				CLANG_WARN_INFINITE_RECURSION = YES;
				CLANG_WARN_INT_CONVERSION = YES;
				CLANG_WARN_NON_LITERAL_NULL_CONVERSION = YES;
				CLANG_WARN_OBJC_IMPLICIT_RETAIN_SELF = YES;
				CLANG_WARN_OBJC_LITERAL_CONVERSION = YES;
				CLANG_WARN_OBJC_ROOT_CLASS = YES_ERROR;
				CLANG_WARN_RANGE_LOOP_ANALYSIS = YES;
				CLANG_WARN_STRICT_PROTOTYPES = YES;
				CLANG_WARN_SUSPICIOUS_MOVE = YES;
				CLANG_WARN_UNGUARDED_AVAILABILITY = YES_AGGRESSIVE;
				CLANG_WARN_UNREACHABLE_CODE = YES;
				CLANG_WARN__DUPLICATE_METHOD_MATCH = YES;
				CODE_SIGN_IDENTITY = "iPhone Developer";
				COPY_PHASE_STRIP = NO;
				DEBUG_INFORMATION_FORMAT = "dwarf-with-dsym";
				ENABLE_NS_ASSERTIONS = NO;
				ENABLE_STRICT_OBJC_MSGSEND = YES;
				GCC_C_LANGUAGE_STANDARD = gnu11;
				GCC_NO_COMMON_BLOCKS = YES;
				GCC_WARN_64_TO_32_BIT_CONVERSION = YES;
				GCC_WARN_ABOUT_RETURN_TYPE = YES_ERROR;
				GCC_WARN_UNDECLARED_SELECTOR = YES;
				GCC_WARN_UNINITIALIZED_AUTOS = YES_AGGRESSIVE;
				GCC_WARN_UNUSED_FUNCTION = YES;
				GCC_WARN_UNUSED_VARIABLE = YES;
				IPHONEOS_DEPLOYMENT_TARGET = 11.4;
				MTL_ENABLE_DEBUG_INFO = NO;
				SDKROOT = iphoneos;
				SWIFT_COMPILATION_MODE = wholemodule;
				SWIFT_OPTIMIZATION_LEVEL = "-O";
				VALIDATE_PRODUCT = YES;
			};
			name = Release;
		};
		141823632135025800DC0E98 /* Debug */ = {
			isa = XCBuildConfiguration;
			baseConfigurationReference = B60F17E0E37B45990389656D /* Pods-Messaging.debug.xcconfig */;
			buildSettings = {
				ASSETCATALOG_COMPILER_APPICON_NAME = AppIcon;
				CODE_SIGN_STYLE = Automatic;
				DEVELOPMENT_TEAM = JBZT66W7TF;
				INFOPLIST_FILE = Messaging/Info.plist;
				IPHONEOS_DEPLOYMENT_TARGET = 11.4;
				LD_RUNPATH_SEARCH_PATHS = (
					"$(inherited)",
					"@executable_path/Frameworks",
				);
				PRODUCT_BUNDLE_IDENTIFIER = com.ldbach.Messaging;
				PRODUCT_NAME = "$(TARGET_NAME)";
				SWIFT_VERSION = 4.0;
				TARGETED_DEVICE_FAMILY = "1,2";
			};
			name = Debug;
		};
		141823642135025800DC0E98 /* Release */ = {
			isa = XCBuildConfiguration;
			baseConfigurationReference = 4B07CD619E165CAEFC760603 /* Pods-Messaging.release.xcconfig */;
			buildSettings = {
				ASSETCATALOG_COMPILER_APPICON_NAME = AppIcon;
				CODE_SIGN_STYLE = Automatic;
				DEVELOPMENT_TEAM = JBZT66W7TF;
				INFOPLIST_FILE = Messaging/Info.plist;
				IPHONEOS_DEPLOYMENT_TARGET = 11.4;
				LD_RUNPATH_SEARCH_PATHS = (
					"$(inherited)",
					"@executable_path/Frameworks",
				);
				PRODUCT_BUNDLE_IDENTIFIER = com.ldbach.Messaging;
				PRODUCT_NAME = "$(TARGET_NAME)";
				SWIFT_VERSION = 4.0;
				TARGETED_DEVICE_FAMILY = "1,2";
			};
			name = Release;
		};
/* End XCBuildConfiguration section */

/* Begin XCConfigurationList section */
		1418234B2135025700DC0E98 /* Build configuration list for PBXProject "Messaging" */ = {
			isa = XCConfigurationList;
			buildConfigurations = (
				141823602135025800DC0E98 /* Debug */,
				141823612135025800DC0E98 /* Release */,
			);
			defaultConfigurationIsVisible = 0;
			defaultConfigurationName = Release;
		};
		141823622135025800DC0E98 /* Build configuration list for PBXNativeTarget "Messaging" */ = {
			isa = XCConfigurationList;
			buildConfigurations = (
				141823632135025800DC0E98 /* Debug */,
				141823642135025800DC0E98 /* Release */,
			);
			defaultConfigurationIsVisible = 0;
			defaultConfigurationName = Release;
		};
/* End XCConfigurationList section */
	};
	rootObject = 141823482135025700DC0E98 /* Project object */;
}
